
Microsoft Visual Studio Solution File, Format Version 12.00
# Visual Studio Version 17
VisualStudioVersion = 17.13.35919.96
MinimumVisualStudioVersion = 10.0.40219.1
Project("{FAE04EC0-301F-11D3-BF4B-00C04F79EFBC}") = "WebApplication1", "WebApplication1\WebApplication1.csproj", "{18C256C1-9DAD-4C9A-9609-F353D42F5DD0}"
EndProject
Global
	GlobalSection(SolutionConfigurationPlatforms) = preSolution
		Debug|Any CPU = Debug|Any CPU
		Release|Any CPU = Release|Any CPU
	EndGlobalSection
	GlobalSection(ProjectConfigurationPlatforms) = postSolution
		{18C256C1-9DAD-4C9A-9609-F353D42F5DD0}.Debug|Any CPU.ActiveCfg = Debug|Any CPU
		{18C256C1-9DAD-4C9A-9609-F353D42F5DD0}.Debug|Any CPU.Build.0 = Debug|Any CPU
		{18C256C1-9DAD-4C9A-9609-F353D42F5DD0}.Release|Any CPU.ActiveCfg = Release|Any CPU
		{18C256C1-9DAD-4C9A-9609-F353D42F5DD0}.Release|Any CPU.Build.0 = Release|Any CPU
	EndGlobalSection
	GlobalSection(SolutionProperties) = preSolution
		HideSolutionNode = FALSE
	EndGlobalSection
	GlobalSection(ExtensibilityGlobals) = postSolution
		SolutionGuid = {5430865E-6543-47B2-9121-311127862EEE}
	EndGlobalSection
EndGlobal
